// !$*UTF8*$!
{
	archiveVersion = 1;
	classes = {
	};
	objectVersion = 56;
	objects = {

/* Begin PBXBuildFile section */
		9608C3AC2B58110A001C4EDD /* PremiumLockView.swift in Sources */ = {isa = PBXBuildFile; fileRef = 9608C3AB2B58110A001C4EDD /* PremiumLockView.swift */; };
		9608C3B12B581DF0001C4EDD /* AnimalFactsDetailsView.swift in Sources */ = {isa = PBXBuildFile; fileRef = 9608C3B02B581DF0001C4EDD /* AnimalFactsDetailsView.swift */; };
		9615F0922B57FA5000C23DDE /* BoostersTestAppApp.swift in Sources */ = {isa = PBXBuildFile; fileRef = 9615F0912B57FA5000C23DDE /* BoostersTestAppApp.swift */; };
		9615F0962B57FA5200C23DDE /* Assets.xcassets in Resources */ = {isa = PBXBuildFile; fileRef = 9615F0952B57FA5200C23DDE /* Assets.xcassets */; };
		9615F0992B57FA5200C23DDE /* Preview Assets.xcassets in Resources */ = {isa = PBXBuildFile; fileRef = 9615F0982B57FA5200C23DDE /* Preview Assets.xcassets */; };
		9615F0A42B57FAFD00C23DDE /* AnimalCategoriesView.swift in Sources */ = {isa = PBXBuildFile; fileRef = 9615F0A32B57FAFD00C23DDE /* AnimalCategoriesView.swift */; };
		9615F0A82B57FC7100C23DDE /* AnimalCategoryItemView.swift in Sources */ = {isa = PBXBuildFile; fileRef = 9615F0A72B57FC7100C23DDE /* AnimalCategoryItemView.swift */; };
		9615F0AA2B57FD0200C23DDE /* AnimalCategoryModel.swift in Sources */ = {isa = PBXBuildFile; fileRef = 9615F0A92B57FD0200C23DDE /* AnimalCategoryModel.swift */; };
		9615F0AC2B57FD6500C23DDE /* AnimalCategoryStatus.swift in Sources */ = {isa = PBXBuildFile; fileRef = 9615F0AB2B57FD6500C23DDE /* AnimalCategoryStatus.swift */; };
		9615F0AE2B57FD6A00C23DDE /* AnimalFact.swift in Sources */ = {isa = PBXBuildFile; fileRef = 9615F0AD2B57FD6A00C23DDE /* AnimalFact.swift */; };
		9615F0B32B58080500C23DDE /* View + FrameSize.swift in Sources */ = {isa = PBXBuildFile; fileRef = 9615F0B22B58080500C23DDE /* View + FrameSize.swift */; };
		969E49B02B599D4A00CDBE22 /* ShareSheet.swift in Sources */ = {isa = PBXBuildFile; fileRef = 969E49AF2B599D4A00CDBE22 /* ShareSheet.swift */; };
		96DD94B72B58321F0096F7E9 /* ButtonActionType.swift in Sources */ = {isa = PBXBuildFile; fileRef = 96DD94B62B58321F0096F7E9 /* ButtonActionType.swift */; };
		96DD94B92B58328F0096F7E9 /* TabCardView.swift in Sources */ = {isa = PBXBuildFile; fileRef = 96DD94B82B58328E0096F7E9 /* TabCardView.swift */; };
		96DD94BC2B5832A40096F7E9 /* AppConstants.swift in Sources */ = {isa = PBXBuildFile; fileRef = 96DD94BB2B5832A40096F7E9 /* AppConstants.swift */; };
		96DD94BE2B5832FE0096F7E9 /* AnimalTabsView.swift in Sources */ = {isa = PBXBuildFile; fileRef = 96DD94BD2B5832FE0096F7E9 /* AnimalTabsView.swift */; };
		96DD94C02B5838920096F7E9 /* AnimalCategoriesFeature.swift in Sources */ = {isa = PBXBuildFile; fileRef = 96DD94BF2B5838920096F7E9 /* AnimalCategoriesFeature.swift */; };
		96DD94C72B5839050096F7E9 /* ComposableArchitecture in Frameworks */ = {isa = PBXBuildFile; productRef = 96DD94C62B5839050096F7E9 /* ComposableArchitecture */; };
		96DD94C92B5839570096F7E9 /* ComposableArchitecture in Frameworks */ = {isa = PBXBuildFile; productRef = 96DD94C82B5839570096F7E9 /* ComposableArchitecture */; };
		96DD94CD2B583F8C0096F7E9 /* AnimalFactsDetailsFeature.swift in Sources */ = {isa = PBXBuildFile; fileRef = 96DD94CC2B583F8C0096F7E9 /* AnimalFactsDetailsFeature.swift */; };
/* End PBXBuildFile section */

/* Begin PBXFileReference section */
		9608C3AB2B58110A001C4EDD /* PremiumLockView.swift */ = {isa = PBXFileReference; lastKnownFileType = sourcecode.swift; path = PremiumLockView.swift; sourceTree = "<group>"; };
		9608C3B02B581DF0001C4EDD /* AnimalFactsDetailsView.swift */ = {isa = PBXFileReference; lastKnownFileType = sourcecode.swift; path = AnimalFactsDetailsView.swift; sourceTree = "<group>"; };
		9615F08E2B57FA5000C23DDE /* BoostersTestApp.app */ = {isa = PBXFileReference; explicitFileType = wrapper.application; includeInIndex = 0; path = BoostersTestApp.app; sourceTree = BUILT_PRODUCTS_DIR; };
		9615F0912B57FA5000C23DDE /* BoostersTestAppApp.swift */ = {isa = PBXFileReference; lastKnownFileType = sourcecode.swift; path = BoostersTestAppApp.swift; sourceTree = "<group>"; };
		9615F0952B57FA5200C23DDE /* Assets.xcassets */ = {isa = PBXFileReference; lastKnownFileType = folder.assetcatalog; path = Assets.xcassets; sourceTree = "<group>"; };
		9615F0982B57FA5200C23DDE /* Preview Assets.xcassets */ = {isa = PBXFileReference; lastKnownFileType = folder.assetcatalog; path = "Preview Assets.xcassets"; sourceTree = "<group>"; };
		9615F0A32B57FAFD00C23DDE /* AnimalCategoriesView.swift */ = {isa = PBXFileReference; lastKnownFileType = sourcecode.swift; path = AnimalCategoriesView.swift; sourceTree = "<group>"; };
		9615F0A72B57FC7100C23DDE /* AnimalCategoryItemView.swift */ = {isa = PBXFileReference; lastKnownFileType = sourcecode.swift; path = AnimalCategoryItemView.swift; sourceTree = "<group>"; };
		9615F0A92B57FD0200C23DDE /* AnimalCategoryModel.swift */ = {isa = PBXFileReference; lastKnownFileType = sourcecode.swift; path = AnimalCategoryModel.swift; sourceTree = "<group>"; };
		9615F0AB2B57FD6500C23DDE /* AnimalCategoryStatus.swift */ = {isa = PBXFileReference; lastKnownFileType = sourcecode.swift; path = AnimalCategoryStatus.swift; sourceTree = "<group>"; };
		9615F0AD2B57FD6A00C23DDE /* AnimalFact.swift */ = {isa = PBXFileReference; lastKnownFileType = sourcecode.swift; path = AnimalFact.swift; sourceTree = "<group>"; };
		9615F0B22B58080500C23DDE /* View + FrameSize.swift */ = {isa = PBXFileReference; lastKnownFileType = sourcecode.swift; path = "View + FrameSize.swift"; sourceTree = "<group>"; };
		969E49AF2B599D4A00CDBE22 /* ShareSheet.swift */ = {isa = PBXFileReference; lastKnownFileType = sourcecode.swift; path = ShareSheet.swift; sourceTree = "<group>"; };
		96DD94B62B58321F0096F7E9 /* ButtonActionType.swift */ = {isa = PBXFileReference; lastKnownFileType = sourcecode.swift; path = ButtonActionType.swift; sourceTree = "<group>"; };
		96DD94B82B58328E0096F7E9 /* TabCardView.swift */ = {isa = PBXFileReference; lastKnownFileType = sourcecode.swift; path = TabCardView.swift; sourceTree = "<group>"; };
		96DD94BB2B5832A40096F7E9 /* AppConstants.swift */ = {isa = PBXFileReference; lastKnownFileType = sourcecode.swift; path = AppConstants.swift; sourceTree = "<group>"; };
		96DD94BD2B5832FE0096F7E9 /* AnimalTabsView.swift */ = {isa = PBXFileReference; lastKnownFileType = sourcecode.swift; path = AnimalTabsView.swift; sourceTree = "<group>"; };
		96DD94BF2B5838920096F7E9 /* AnimalCategoriesFeature.swift */ = {isa = PBXFileReference; lastKnownFileType = sourcecode.swift; path = AnimalCategoriesFeature.swift; sourceTree = "<group>"; };
		96DD94CC2B583F8C0096F7E9 /* AnimalFactsDetailsFeature.swift */ = {isa = PBXFileReference; lastKnownFileType = sourcecode.swift; path = AnimalFactsDetailsFeature.swift; sourceTree = "<group>"; };
/* End PBXFileReference section */

/* Begin PBXFrameworksBuildPhase section */
		9615F08B2B57FA5000C23DDE /* Frameworks */ = {
			isa = PBXFrameworksBuildPhase;
			buildActionMask = 2147483647;
			files = (
				96DD94C92B5839570096F7E9 /* ComposableArchitecture in Frameworks */,
				96DD94C72B5839050096F7E9 /* ComposableArchitecture in Frameworks */,
			);
			runOnlyForDeploymentPostprocessing = 0;
		};
/* End PBXFrameworksBuildPhase section */

/* Begin PBXGroup section */
		9608C3AD2B581DCF001C4EDD /* AnimalFactsDetails */ = {
			isa = PBXGroup;
			children = (
				9608C3AF2B581DDA001C4EDD /* Reducer */,
				9608C3AE2B581DD7001C4EDD /* View */,
			);
			path = AnimalFactsDetails;
			sourceTree = "<group>";
		};
		9608C3AE2B581DD7001C4EDD /* View */ = {
			isa = PBXGroup;
			children = (
				9608C3B02B581DF0001C4EDD /* AnimalFactsDetailsView.swift */,
				96DD94BD2B5832FE0096F7E9 /* AnimalTabsView.swift */,
				96DD94B82B58328E0096F7E9 /* TabCardView.swift */,
			);
			path = View;
			sourceTree = "<group>";
		};
		9608C3AF2B581DDA001C4EDD /* Reducer */ = {
			isa = PBXGroup;
			children = (
				96DD94CC2B583F8C0096F7E9 /* AnimalFactsDetailsFeature.swift */,
			);
			path = Reducer;
			sourceTree = "<group>";
		};
		9615F0852B57FA5000C23DDE = {
			isa = PBXGroup;
			children = (
				9615F0902B57FA5000C23DDE /* BoostersTestApp */,
				9615F08F2B57FA5000C23DDE /* Products */,
			);
			sourceTree = "<group>";
		};
		9615F08F2B57FA5000C23DDE /* Products */ = {
			isa = PBXGroup;
			children = (
				9615F08E2B57FA5000C23DDE /* BoostersTestApp.app */,
			);
			name = Products;
			sourceTree = "<group>";
		};
		9615F0902B57FA5000C23DDE /* BoostersTestApp */ = {
			isa = PBXGroup;
			children = (
				9615F0A52B57FB2200C23DDE /* Models */,
				9615F09F2B57FAD500C23DDE /* GlobalState */,
				9615F0A02B57FAE200C23DDE /* Modules */,
				9615F0B02B5807F500C23DDE /* Extensions */,
				9615F0952B57FA5200C23DDE /* Assets.xcassets */,
				9615F0972B57FA5200C23DDE /* Preview Content */,
			);
			path = BoostersTestApp;
			sourceTree = "<group>";
		};
		9615F0972B57FA5200C23DDE /* Preview Content */ = {
			isa = PBXGroup;
			children = (
				9615F0982B57FA5200C23DDE /* Preview Assets.xcassets */,
			);
			path = "Preview Content";
			sourceTree = "<group>";
		};
		9615F09F2B57FAD500C23DDE /* GlobalState */ = {
			isa = PBXGroup;
			children = (
				9615F0912B57FA5000C23DDE /* BoostersTestAppApp.swift */,
			);
			path = GlobalState;
			sourceTree = "<group>";
		};
		9615F0A02B57FAE200C23DDE /* Modules */ = {
			isa = PBXGroup;
			children = (
				9615F0A12B57FAED00C23DDE /* AnimalCategories */,
				9608C3AD2B581DCF001C4EDD /* AnimalFactsDetails */,
			);
			path = Modules;
			sourceTree = "<group>";
		};
		9615F0A12B57FAED00C23DDE /* AnimalCategories */ = {
			isa = PBXGroup;
			children = (
				9615F0A62B57FB8C00C23DDE /* Reducer */,
				9615F0A22B57FAF700C23DDE /* Views */,
			);
			path = AnimalCategories;
			sourceTree = "<group>";
		};
		9615F0A22B57FAF700C23DDE /* Views */ = {
			isa = PBXGroup;
			children = (
				9615F0A32B57FAFD00C23DDE /* AnimalCategoriesView.swift */,
				9615F0A72B57FC7100C23DDE /* AnimalCategoryItemView.swift */,
				9608C3AB2B58110A001C4EDD /* PremiumLockView.swift */,
			);
			path = Views;
			sourceTree = "<group>";
		};
		9615F0A52B57FB2200C23DDE /* Models */ = {
			isa = PBXGroup;
			children = (
				96DD94BA2B58329F0096F7E9 /* Global */,
				96DD94B52B5832190096F7E9 /* Internal Model */,
				9615F0A92B57FD0200C23DDE /* AnimalCategoryModel.swift */,
				9615F0AB2B57FD6500C23DDE /* AnimalCategoryStatus.swift */,
				9615F0AD2B57FD6A00C23DDE /* AnimalFact.swift */,
			);
			path = Models;
			sourceTree = "<group>";
		};
		9615F0A62B57FB8C00C23DDE /* Reducer */ = {
			isa = PBXGroup;
			children = (
				96DD94BF2B5838920096F7E9 /* AnimalCategoriesFeature.swift */,
			);
			path = Reducer;
			sourceTree = "<group>";
		};
		9615F0B02B5807F500C23DDE /* Extensions */ = {
			isa = PBXGroup;
			children = (
				969E49AE2B599D4600CDBE22 /* Views */,
				9615F0B12B5807FC00C23DDE /* View */,
			);
			path = Extensions;
			sourceTree = "<group>";
		};
		9615F0B12B5807FC00C23DDE /* View */ = {
			isa = PBXGroup;
			children = (
				9615F0B22B58080500C23DDE /* View + FrameSize.swift */,
			);
			path = View;
			sourceTree = "<group>";
		};
		969E49AE2B599D4600CDBE22 /* Views */ = {
			isa = PBXGroup;
			children = (
				969E49AF2B599D4A00CDBE22 /* ShareSheet.swift */,
			);
			path = Views;
			sourceTree = "<group>";
		};
		96DD94B52B5832190096F7E9 /* Internal Model */ = {
			isa = PBXGroup;
			children = (
				96DD94B62B58321F0096F7E9 /* ButtonActionType.swift */,
			);
			path = "Internal Model";
			sourceTree = "<group>";
		};
		96DD94BA2B58329F0096F7E9 /* Global */ = {
			isa = PBXGroup;
			children = (
				96DD94BB2B5832A40096F7E9 /* AppConstants.swift */,
			);
			path = Global;
			sourceTree = "<group>";
		};
/* End PBXGroup section */

/* Begin PBXNativeTarget section */
		9615F08D2B57FA5000C23DDE /* BoostersTestApp */ = {
			isa = PBXNativeTarget;
			buildConfigurationList = 9615F09C2B57FA5200C23DDE /* Build configuration list for PBXNativeTarget "BoostersTestApp" */;
			buildPhases = (
				9615F08A2B57FA5000C23DDE /* Sources */,
				9615F08B2B57FA5000C23DDE /* Frameworks */,
				9615F08C2B57FA5000C23DDE /* Resources */,
			);
			buildRules = (
			);
			dependencies = (
			);
			name = BoostersTestApp;
			packageProductDependencies = (
				96DD94C62B5839050096F7E9 /* ComposableArchitecture */,
				96DD94C82B5839570096F7E9 /* ComposableArchitecture */,
			);
			productName = BoostersTestApp;
			productReference = 9615F08E2B57FA5000C23DDE /* BoostersTestApp.app */;
			productType = "com.apple.product-type.application";
		};
/* End PBXNativeTarget section */

/* Begin PBXProject section */
		9615F0862B57FA5000C23DDE /* Project object */ = {
			isa = PBXProject;
			attributes = {
				BuildIndependentTargetsInParallel = 1;
				LastSwiftUpdateCheck = 1500;
				LastUpgradeCheck = 1500;
				TargetAttributes = {
					9615F08D2B57FA5000C23DDE = {
						CreatedOnToolsVersion = 15.0.1;
					};
				};
			};
			buildConfigurationList = 9615F0892B57FA5000C23DDE /* Build configuration list for PBXProject "BoostersTestApp" */;
			compatibilityVersion = "Xcode 14.0";
			developmentRegion = en;
			hasScannedForEncodings = 0;
			knownRegions = (
				en,
				Base,
			);
			mainGroup = 9615F0852B57FA5000C23DDE;
			packageReferences = (
				96DD94C52B5839050096F7E9 /* XCRemoteSwiftPackageReference "swift-composable-architecture" */,
			);
			productRefGroup = 9615F08F2B57FA5000C23DDE /* Products */;
			projectDirPath = "";
			projectRoot = "";
			targets = (
				9615F08D2B57FA5000C23DDE /* BoostersTestApp */,
			);
		};
/* End PBXProject section */

/* Begin PBXResourcesBuildPhase section */
		9615F08C2B57FA5000C23DDE /* Resources */ = {
			isa = PBXResourcesBuildPhase;
			buildActionMask = 2147483647;
			files = (
				9615F0992B57FA5200C23DDE /* Preview Assets.xcassets in Resources */,
				9615F0962B57FA5200C23DDE /* Assets.xcassets in Resources */,
			);
			runOnlyForDeploymentPostprocessing = 0;
		};
/* End PBXResourcesBuildPhase section */

/* Begin PBXSourcesBuildPhase section */
		9615F08A2B57FA5000C23DDE /* Sources */ = {
			isa = PBXSourcesBuildPhase;
			buildActionMask = 2147483647;
			files = (
				9615F0A82B57FC7100C23DDE /* AnimalCategoryItemView.swift in Sources */,
				96DD94B92B58328F0096F7E9 /* TabCardView.swift in Sources */,
				9615F0AE2B57FD6A00C23DDE /* AnimalFact.swift in Sources */,
				96DD94BE2B5832FE0096F7E9 /* AnimalTabsView.swift in Sources */,
				9615F0AA2B57FD0200C23DDE /* AnimalCategoryModel.swift in Sources */,
				9608C3AC2B58110A001C4EDD /* PremiumLockView.swift in Sources */,
				9615F0B32B58080500C23DDE /* View + FrameSize.swift in Sources */,
				969E49B02B599D4A00CDBE22 /* ShareSheet.swift in Sources */,
				9615F0A42B57FAFD00C23DDE /* AnimalCategoriesView.swift in Sources */,
				96DD94CD2B583F8C0096F7E9 /* AnimalFactsDetailsFeature.swift in Sources */,
				96DD94BC2B5832A40096F7E9 /* AppConstants.swift in Sources */,
				9608C3B12B581DF0001C4EDD /* AnimalFactsDetailsView.swift in Sources */,
				96DD94C02B5838920096F7E9 /* AnimalCategoriesFeature.swift in Sources */,
				9615F0AC2B57FD6500C23DDE /* AnimalCategoryStatus.swift in Sources */,
				9615F0922B57FA5000C23DDE /* BoostersTestAppApp.swift in Sources */,
				96DD94B72B58321F0096F7E9 /* ButtonActionType.swift in Sources */,
			);
			runOnlyForDeploymentPostprocessing = 0;
		};
/* End PBXSourcesBuildPhase section */

/* Begin XCBuildConfiguration section */
		9615F09A2B57FA5200C23DDE /* Debug */ = {
			isa = XCBuildConfiguration;
			buildSettings = {
				ALWAYS_SEARCH_USER_PATHS = NO;
				ASSETCATALOG_COMPILER_GENERATE_SWIFT_ASSET_SYMBOL_EXTENSIONS = YES;
				CLANG_ANALYZER_NONNULL = YES;
				CLANG_ANALYZER_NUMBER_OBJECT_CONVERSION = YES_AGGRESSIVE;
				CLANG_CXX_LANGUAGE_STANDARD = "gnu++20";
				CLANG_ENABLE_MODULES = YES;
				CLANG_ENABLE_OBJC_ARC = YES;
				CLANG_ENABLE_OBJC_WEAK = YES;
				CLANG_WARN_BLOCK_CAPTURE_AUTORELEASING = YES;
				CLANG_WARN_BOOL_CONVERSION = YES;
				CLANG_WARN_COMMA = YES;
				CLANG_WARN_CONSTANT_CONVERSION = YES;
				CLANG_WARN_DEPRECATED_OBJC_IMPLEMENTATIONS = YES;
				CLANG_WARN_DIRECT_OBJC_ISA_USAGE = YES_ERROR;
				CLANG_WARN_DOCUMENTATION_COMMENTS = YES;
				CLANG_WARN_EMPTY_BODY = YES;
				CLANG_WARN_ENUM_CONVERSION = YES;
				CLANG_WARN_INFINITE_RECURSION = YES;
				CLANG_WARN_INT_CONVERSION = YES;
				CLANG_WARN_NON_LITERAL_NULL_CONVERSION = YES;
				CLANG_WARN_OBJC_IMPLICIT_RETAIN_SELF = YES;
				CLANG_WARN_OBJC_LITERAL_CONVERSION = YES;
				CLANG_WARN_OBJC_ROOT_CLASS = YES_ERROR;
				CLANG_WARN_QUOTED_INCLUDE_IN_FRAMEWORK_HEADER = YES;
				CLANG_WARN_RANGE_LOOP_ANALYSIS = YES;
				CLANG_WARN_STRICT_PROTOTYPES = YES;
				CLANG_WARN_SUSPICIOUS_MOVE = YES;
				CLANG_WARN_UNGUARDED_AVAILABILITY = YES_AGGRESSIVE;
				CLANG_WARN_UNREACHABLE_CODE = YES;
				CLANG_WARN__DUPLICATE_METHOD_MATCH = YES;
				COPY_PHASE_STRIP = NO;
				DEBUG_INFORMATION_FORMAT = dwarf;
				ENABLE_STRICT_OBJC_MSGSEND = YES;
				ENABLE_TESTABILITY = YES;
				ENABLE_USER_SCRIPT_SANDBOXING = YES;
				GCC_C_LANGUAGE_STANDARD = gnu17;
				GCC_DYNAMIC_NO_PIC = NO;
				GCC_NO_COMMON_BLOCKS = YES;
				GCC_OPTIMIZATION_LEVEL = 0;
				GCC_PREPROCESSOR_DEFINITIONS = (
					"DEBUG=1",
					"$(inherited)",
				);
				GCC_WARN_64_TO_32_BIT_CONVERSION = YES;
				GCC_WARN_ABOUT_RETURN_TYPE = YES_ERROR;
				GCC_WARN_UNDECLARED_SELECTOR = YES;
				GCC_WARN_UNINITIALIZED_AUTOS = YES_AGGRESSIVE;
				GCC_WARN_UNUSED_FUNCTION = YES;
				GCC_WARN_UNUSED_VARIABLE = YES;
				IPHONEOS_DEPLOYMENT_TARGET = 17.0;
				LOCALIZATION_PREFERS_STRING_CATALOGS = YES;
				MTL_ENABLE_DEBUG_INFO = INCLUDE_SOURCE;
				MTL_FAST_MATH = YES;
				ONLY_ACTIVE_ARCH = YES;
				SDKROOT = iphoneos;
				SWIFT_ACTIVE_COMPILATION_CONDITIONS = "DEBUG $(inherited)";
				SWIFT_OPTIMIZATION_LEVEL = "-Onone";
			};
			name = Debug;
		};
		9615F09B2B57FA5200C23DDE /* Release */ = {
			isa = XCBuildConfiguration;
			buildSettings = {
				ALWAYS_SEARCH_USER_PATHS = NO;
				ASSETCATALOG_COMPILER_GENERATE_SWIFT_ASSET_SYMBOL_EXTENSIONS = YES;
				CLANG_ANALYZER_NONNULL = YES;
				CLANG_ANALYZER_NUMBER_OBJECT_CONVERSION = YES_AGGRESSIVE;
				CLANG_CXX_LANGUAGE_STANDARD = "gnu++20";
				CLANG_ENABLE_MODULES = YES;
				CLANG_ENABLE_OBJC_ARC = YES;
				CLANG_ENABLE_OBJC_WEAK = YES;
				CLANG_WARN_BLOCK_CAPTURE_AUTORELEASING = YES;
				CLANG_WARN_BOOL_CONVERSION = YES;
				CLANG_WARN_COMMA = YES;
				CLANG_WARN_CONSTANT_CONVERSION = YES;
				CLANG_WARN_DEPRECATED_OBJC_IMPLEMENTATIONS = YES;
				CLANG_WARN_DIRECT_OBJC_ISA_USAGE = YES_ERROR;
				CLANG_WARN_DOCUMENTATION_COMMENTS = YES;
				CLANG_WARN_EMPTY_BODY = YES;
				CLANG_WARN_ENUM_CONVERSION = YES;
				CLANG_WARN_INFINITE_RECURSION = YES;
				CLANG_WARN_INT_CONVERSION = YES;
				CLANG_WARN_NON_LITERAL_NULL_CONVERSION = YES;
				CLANG_WARN_OBJC_IMPLICIT_RETAIN_SELF = YES;
				CLANG_WARN_OBJC_LITERAL_CONVERSION = YES;
				CLANG_WARN_OBJC_ROOT_CLASS = YES_ERROR;
				CLANG_WARN_QUOTED_INCLUDE_IN_FRAMEWORK_HEADER = YES;
				CLANG_WARN_RANGE_LOOP_ANALYSIS = YES;
				CLANG_WARN_STRICT_PROTOTYPES = YES;
				CLANG_WARN_SUSPICIOUS_MOVE = YES;
				CLANG_WARN_UNGUARDED_AVAILABILITY = YES_AGGRESSIVE;
				CLANG_WARN_UNREACHABLE_CODE = YES;
				CLANG_WARN__DUPLICATE_METHOD_MATCH = YES;
				COPY_PHASE_STRIP = NO;
				DEBUG_INFORMATION_FORMAT = "dwarf-with-dsym";
				ENABLE_NS_ASSERTIONS = NO;
				ENABLE_STRICT_OBJC_MSGSEND = YES;
				ENABLE_USER_SCRIPT_SANDBOXING = YES;
				GCC_C_LANGUAGE_STANDARD = gnu17;
				GCC_NO_COMMON_BLOCKS = YES;
				GCC_WARN_64_TO_32_BIT_CONVERSION = YES;
				GCC_WARN_ABOUT_RETURN_TYPE = YES_ERROR;
				GCC_WARN_UNDECLARED_SELECTOR = YES;
				GCC_WARN_UNINITIALIZED_AUTOS = YES_AGGRESSIVE;
				GCC_WARN_UNUSED_FUNCTION = YES;
				GCC_WARN_UNUSED_VARIABLE = YES;
				IPHONEOS_DEPLOYMENT_TARGET = 17.0;
				LOCALIZATION_PREFERS_STRING_CATALOGS = YES;
				MTL_ENABLE_DEBUG_INFO = NO;
				MTL_FAST_MATH = YES;
				SDKROOT = iphoneos;
				SWIFT_COMPILATION_MODE = wholemodule;
				VALIDATE_PRODUCT = YES;
			};
			name = Release;
		};
		9615F09D2B57FA5200C23DDE /* Debug */ = {
			isa = XCBuildConfiguration;
			buildSettings = {
				ASSETCATALOG_COMPILER_APPICON_NAME = AppIcon;
				ASSETCATALOG_COMPILER_GLOBAL_ACCENT_COLOR_NAME = AccentColor;
				CODE_SIGN_STYLE = Automatic;
				CURRENT_PROJECT_VERSION = 1;
				DEVELOPMENT_ASSET_PATHS = "\"BoostersTestApp/Preview Content\"";
				DEVELOPMENT_TEAM = SV7MAB22UW;
				ENABLE_PREVIEWS = YES;
				GENERATE_INFOPLIST_FILE = YES;
				INFOPLIST_KEY_UIApplicationSceneManifest_Generation = YES;
				INFOPLIST_KEY_UIApplicationSupportsIndirectInputEvents = YES;
				INFOPLIST_KEY_UILaunchScreen_Generation = YES;
				INFOPLIST_KEY_UISupportedInterfaceOrientations_iPad = "UIInterfaceOrientationPortrait UIInterfaceOrientationPortraitUpsideDown UIInterfaceOrientationLandscapeLeft UIInterfaceOrientationLandscapeRight";
				INFOPLIST_KEY_UISupportedInterfaceOrientations_iPhone = "UIInterfaceOrientationPortrait UIInterfaceOrientationLandscapeLeft UIInterfaceOrientationLandscapeRight";
				LD_RUNPATH_SEARCH_PATHS = (
					"$(inherited)",
					"@executable_path/Frameworks",
				);
				MARKETING_VERSION = 1.0;
				PRODUCT_BUNDLE_IDENTIFIER = yatimi.BoostersTestApp;
				PRODUCT_NAME = "$(TARGET_NAME)";
				SWIFT_EMIT_LOC_STRINGS = YES;
				SWIFT_VERSION = 5.0;
				TARGETED_DEVICE_FAMILY = "1,2";
			};
			name = Debug;
		};
		9615F09E2B57FA5200C23DDE /* Release */ = {
			isa = XCBuildConfiguration;
			buildSettings = {
				ASSETCATALOG_COMPILER_APPICON_NAME = AppIcon;
				ASSETCATALOG_COMPILER_GLOBAL_ACCENT_COLOR_NAME = AccentColor;
				CODE_SIGN_STYLE = Automatic;
				CURRENT_PROJECT_VERSION = 1;
				DEVELOPMENT_ASSET_PATHS = "\"BoostersTestApp/Preview Content\"";
				DEVELOPMENT_TEAM = SV7MAB22UW;
				ENABLE_PREVIEWS = YES;
				GENERATE_INFOPLIST_FILE = YES;
				INFOPLIST_KEY_UIApplicationSceneManifest_Generation = YES;
				INFOPLIST_KEY_UIApplicationSupportsIndirectInputEvents = YES;
				INFOPLIST_KEY_UILaunchScreen_Generation = YES;
				INFOPLIST_KEY_UISupportedInterfaceOrientations_iPad = "UIInterfaceOrientationPortrait UIInterfaceOrientationPortraitUpsideDown UIInterfaceOrientationLandscapeLeft UIInterfaceOrientationLandscapeRight";
				INFOPLIST_KEY_UISupportedInterfaceOrientations_iPhone = "UIInterfaceOrientationPortrait UIInterfaceOrientationLandscapeLeft UIInterfaceOrientationLandscapeRight";
				LD_RUNPATH_SEARCH_PATHS = (
					"$(inherited)",
					"@executable_path/Frameworks",
				);
				MARKETING_VERSION = 1.0;
				PRODUCT_BUNDLE_IDENTIFIER = yatimi.BoostersTestApp;
				PRODUCT_NAME = "$(TARGET_NAME)";
				SWIFT_EMIT_LOC_STRINGS = YES;
				SWIFT_VERSION = 5.0;
				TARGETED_DEVICE_FAMILY = "1,2";
			};
			name = Release;
		};
/* End XCBuildConfiguration section */

/* Begin XCConfigurationList section */
		9615F0892B57FA5000C23DDE /* Build configuration list for PBXProject "BoostersTestApp" */ = {
			isa = XCConfigurationList;
			buildConfigurations = (
				9615F09A2B57FA5200C23DDE /* Debug */,
				9615F09B2B57FA5200C23DDE /* Release */,
			);
			defaultConfigurationIsVisible = 0;
			defaultConfigurationName = Release;
		};
		9615F09C2B57FA5200C23DDE /* Build configuration list for PBXNativeTarget "BoostersTestApp" */ = {
			isa = XCConfigurationList;
			buildConfigurations = (
				9615F09D2B57FA5200C23DDE /* Debug */,
				9615F09E2B57FA5200C23DDE /* Release */,
			);
			defaultConfigurationIsVisible = 0;
			defaultConfigurationName = Release;
		};
/* End XCConfigurationList section */

/* Begin XCRemoteSwiftPackageReference section */
		96DD94C52B5839050096F7E9 /* XCRemoteSwiftPackageReference "swift-composable-architecture" */ = {
			isa = XCRemoteSwiftPackageReference;
			repositoryURL = "https://github.com/pointfreeco/swift-composable-architecture";
			requirement = {
				kind = upToNextMajorVersion;
				minimumVersion = 1.6.0;
			};
		};
/* End XCRemoteSwiftPackageReference section */

/* Begin XCSwiftPackageProductDependency section */
		96DD94C62B5839050096F7E9 /* ComposableArchitecture */ = {
			isa = XCSwiftPackageProductDependency;
			package = 96DD94C52B5839050096F7E9 /* XCRemoteSwiftPackageReference "swift-composable-architecture" */;
			productName = ComposableArchitecture;
		};
		96DD94C82B5839570096F7E9 /* ComposableArchitecture */ = {
			isa = XCSwiftPackageProductDependency;
			package = 96DD94C52B5839050096F7E9 /* XCRemoteSwiftPackageReference "swift-composable-architecture" */;
			productName = ComposableArchitecture;
		};
/* End XCSwiftPackageProductDependency section */
	};
	rootObject = 9615F0862B57FA5000C23DDE /* Project object */;
}
